
Microsoft Visual Studio Solution File, Format Version 12.00
# Visual Studio 15
VisualStudioVersion = 15.0.28010.2026
MinimumVisualStudioVersion = 10.0.40219.1
Project("{9A19103F-16F7-4668-BE54-9A1E7A4F7556}") = "Sam.CarInfo", "Sam.CarInfo\Sam.CarInfo.csproj", "{D612ADAD-C3D0-446D-80D5-61E9A9B4255B}"
EndProject
Project("{FAE04EC0-301F-11D3-BF4B-00C04F79EFBC}") = "Sam.CarInfo.Test", "Sam.CarInfo.Test\Sam.CarInfo.Test.csproj", "{592F1B3B-F6F8-4C88-85A3-D72BA27B1283}"
EndProject
Global
	GlobalSection(SolutionConfigurationPlatforms) = preSolution
		Debug|Any CPU = Debug|Any CPU
		Release|Any CPU = Release|Any CPU
	EndGlobalSection
	GlobalSection(ProjectConfigurationPlatforms) = postSolution
		{D612ADAD-C3D0-446D-80D5-61E9A9B4255B}.Debug|Any CPU.ActiveCfg = Debug|Any CPU
		{D612ADAD-C3D0-446D-80D5-61E9A9B4255B}.Debug|Any CPU.Build.0 = Debug|Any CPU
		{D612ADAD-C3D0-446D-80D5-61E9A9B4255B}.Release|Any CPU.ActiveCfg = Release|Any CPU
		{D612ADAD-C3D0-446D-80D5-61E9A9B4255B}.Release|Any CPU.Build.0 = Release|Any CPU
		{592F1B3B-F6F8-4C88-85A3-D72BA27B1283}.Debug|Any CPU.ActiveCfg = Debug|Any CPU
		{592F1B3B-F6F8-4C88-85A3-D72BA27B1283}.Debug|Any CPU.Build.0 = Debug|Any CPU
		{592F1B3B-F6F8-4C88-85A3-D72BA27B1283}.Release|Any CPU.ActiveCfg = Release|Any CPU
		{592F1B3B-F6F8-4C88-85A3-D72BA27B1283}.Release|Any CPU.Build.0 = Release|Any CPU
	EndGlobalSection
	GlobalSection(SolutionProperties) = preSolution
		HideSolutionNode = FALSE
	EndGlobalSection
	GlobalSection(ExtensibilityGlobals) = postSolution
		SolutionGuid = {C0EB7199-90C9-4A31-B3C4-6FC797E15D08}
	EndGlobalSection
EndGlobal
